<?xml version="1.0" encoding="utf-8"?>
<Project ToolsVersion="4.0" xmlns="http://schemas.microsoft.com/developer/msbuild/2003">
  <ItemGroup>
    <Filter Include="Source Files">
      <UniqueIdentifier>{4FC737F1-C7A5-4376-A066-2A32D752A2FF}</UniqueIdentifier>
      <Extensions>cpp;c;cc;cxx;c++;cppm;ixx;def;odl;idl;hpj;bat;asm;asmx</Extensions>
    </Filter>
    <Filter Include="Resource Files">
      <UniqueIdentifier>{67DA6AB6-F800-4c08-8B7A-83BB121AAD01}</UniqueIdentifier>
      <Extensions>rc;ico;cur;bmp;dlg;rc2;rct;bin;rgs;gif;jpg;jpeg;jpe;resx;tiff;tif;png;wav;mfcribbon-ms</Extensions>
    </Filter>
  </ItemGroup>
  <ItemGroup>
    <ClInclude Include="HookD3D7.hpp">
      <Filter>Source Files</Filter>
    </ClInclude>
    <ClInclude Include="framework.h">
      <Filter>Source Files</Filter>
    </ClInclude>
    <ClInclude Include="pch.h">
      <Filter>Source Files</Filter>
    </ClInclude>
    <ClInclude Include="Error.hpp">
      <Filter>Source Files</Filter>
    </ClInclude>
    <ClInclude Include="PatchD3D7ResolutionLimit.hpp">
      <Filter>Source Files</Filter>
    </ClInclude>
    <ClInclude Include="GameExeImports.hpp">
      <Filter>Source Files</Filter>
    </ClInclude>
    <ClInclude Include="DoCdCheck.hpp">
      <Filter>Source Files</Filter>
    </ClInclude>
    <ClInclude Include="PatchDebugLog.hpp">
      <Filter>Source Files</Filter>
    </ClInclude>
    <ClInclude Include="PatchSettings.hpp">
      <Filter>Source Files</Filter>
    </ClInclude>
    <ClInclude Include="PatchLan.hpp">
      <Filter>Source Files</Filter>
    </ClInclude>
  </ItemGroup>
  <ItemGroup>
    <ClCompile Include="dllmain.cpp">
      <Filter>Source Files</Filter>
    </ClCompile>
    <ClCompile Include="pch.cpp">
      <Filter>Source Files</Filter>
    </ClCompile>
    <ClCompile Include="HookD3D7.cpp">
      <Filter>Source Files</Filter>
    </ClCompile>
    <ClCompile Include="PatchD3D7ResolutionLimit.cpp">
      <Filter>Source Files</Filter>
    </ClCompile>
    <ClCompile Include="DoCdCheck.cpp">
      <Filter>Source Files</Filter>
    </ClCompile>
    <ClCompile Include="GameExeImports.cpp">
      <Filter>Source Files</Filter>
    </ClCompile>
    <ClCompile Include="PatchDebugLog.cpp">
      <Filter>Source Files</Filter>
    </ClCompile>
    <ClCompile Include="PatchSettings.cpp">
      <Filter>Source Files</Filter>
    </ClCompile>
    <ClCompile Include="PatchLan.cpp">
      <Filter>Source Files</Filter>
    </ClCompile>
  </ItemGroup>
</Project>